
Microsoft Visual Studio Solution File, Format Version 12.00
# Visual Studio Version 16
VisualStudioVersion = 16.0.29911.84
MinimumVisualStudioVersion = 10.0.40219.1
Project("{FAE04EC0-301F-11D3-BF4B-00C04F79EFBC}") = "PostgrePlayground", "PostgrePlayground\PostgrePlayground.csproj", "{6ABB4A0F-F871-4160-A4F7-C057A181DDCA}"
EndProject
Project("{2150E333-8FDC-42A3-9474-1A3956D46DE8}") = "Solution Items", "Solution Items", "{59F5770A-04C8-4BD7-BE17-B022C5E84FEF}"
	ProjectSection(SolutionItems) = preProject
		.editorconfig = .editorconfig
	EndProjectSection
EndProject
Global
	GlobalSection(SolutionConfigurationPlatforms) = preSolution
		Debug|Any CPU = Debug|Any CPU
		Release|Any CPU = Release|Any CPU
	EndGlobalSection
	GlobalSection(ProjectConfigurationPlatforms) = postSolution
		{6ABB4A0F-F871-4160-A4F7-C057A181DDCA}.Debug|Any CPU.ActiveCfg = Debug|Any CPU
		{6ABB4A0F-F871-4160-A4F7-C057A181DDCA}.Debug|Any CPU.Build.0 = Debug|Any CPU
		{6ABB4A0F-F871-4160-A4F7-C057A181DDCA}.Release|Any CPU.ActiveCfg = Release|Any CPU
		{6ABB4A0F-F871-4160-A4F7-C057A181DDCA}.Release|Any CPU.Build.0 = Release|Any CPU
	EndGlobalSection
	GlobalSection(SolutionProperties) = preSolution
		HideSolutionNode = FALSE
	EndGlobalSection
	GlobalSection(ExtensibilityGlobals) = postSolution
		SolutionGuid = {6FC07622-36B8-4126-B2AC-7E76F54F1BE3}
	EndGlobalSection
EndGlobal
